
Microsoft Visual Studio Solution File, Format Version 12.00
# Visual Studio Version 16
VisualStudioVersion = 16.0.810.23
MinimumVisualStudioVersion = 10.0.40219.1
Project("{FAE04EC0-301F-11D3-BF4B-00C04F79EFBC}") = "ZRD", "ZRD.csproj", "{BEAB95F4-C8EC-4F4B-8196-B835937E2120}"
EndProject
Global
	GlobalSection(SolutionConfigurationPlatforms) = preSolution
		Debug|Any CPU = Debug|Any CPU
		Release|Any CPU = Release|Any CPU
	EndGlobalSection
	GlobalSection(ProjectConfigurationPlatforms) = postSolution
		{BEAB95F4-C8EC-4F4B-8196-B835937E2120}.Debug|Any CPU.ActiveCfg = Debug|Any CPU
		{BEAB95F4-C8EC-4F4B-8196-B835937E2120}.Debug|Any CPU.Build.0 = Debug|Any CPU
		{BEAB95F4-C8EC-4F4B-8196-B835937E2120}.Release|Any CPU.ActiveCfg = Release|Any CPU
		{BEAB95F4-C8EC-4F4B-8196-B835937E2120}.Release|Any CPU.Build.0 = Release|Any CPU
	EndGlobalSection
	GlobalSection(SolutionProperties) = preSolution
		HideSolutionNode = FALSE
	EndGlobalSection
	GlobalSection(ExtensibilityGlobals) = postSolution
		SolutionGuid = {22124E2A-3D08-4CD5-90AD-2BCDC7367DD3}
	EndGlobalSection
EndGlobal
